
Microsoft Visual Studio Solution File, Format Version 12.00
# Visual Studio 15
VisualStudioVersion = 15.0.27004.2005
MinimumVisualStudioVersion = 10.0.40219.1
Project("{9A19103F-16F7-4668-BE54-9A1E7A4F7556}") = "DlnaController.Web", "DlnaController.Web\DlnaController.Web.csproj", "{B58C3AF0-1BE5-496F-B60D-24D6A7D1123B}"
EndProject
Project("{2150E333-8FDC-42A3-9474-1A3956D46DE8}") = "test", "test", "{51387A49-9734-4AFB-B36A-5F263C7CD15C}"
EndProject
Project("{2150E333-8FDC-42A3-9474-1A3956D46DE8}") = "01_Infrastructure", "01_Infrastructure", "{DB006C26-6D27-4AC3-B7CA-146E6AB9F4F4}"
EndProject
Project("{9A19103F-16F7-4668-BE54-9A1E7A4F7556}") = "HttpU", "HttpU\HttpU.csproj", "{39B225A8-10AB-4507-A28B-756B1C5422DA}"
EndProject
Project("{2150E333-8FDC-42A3-9474-1A3956D46DE8}") = "04_Presentation", "04_Presentation", "{9205D12B-8EDE-45D9-B44C-92A63FD2B01B}"
EndProject
Project("{9A19103F-16F7-4668-BE54-9A1E7A4F7556}") = "TestDemo", "TestDemo\TestDemo.csproj", "{72725FED-3563-461E-8DB8-ACE2461392AD}"
EndProject
Project("{2150E333-8FDC-42A3-9474-1A3956D46DE8}") = "02_UPnP", "02_UPnP", "{7D82657A-8D10-432F-B81C-A98ECF4B8139}"
EndProject
Project("{9A19103F-16F7-4668-BE54-9A1E7A4F7556}") = "UPnP", "UPnP\UPnP.csproj", "{EB75DE35-67FE-413C-9CD7-D3A912B09042}"
EndProject
Project("{9A19103F-16F7-4668-BE54-9A1E7A4F7556}") = "UPnPAV", "UPnPAV\UPnPAV.csproj", "{6B264394-EC69-4B96-BD21-2914C060A452}"
EndProject
Project("{9A19103F-16F7-4668-BE54-9A1E7A4F7556}") = "UPnPAV_RendererStack", "UPnPAV_RendererStack\UPnPAV_RendererStack.csproj", "{FB691AA5-281A-457C-939F-261C761E353B}"
EndProject
Project("{9A19103F-16F7-4668-BE54-9A1E7A4F7556}") = "UPnPAVCDSML", "UPnPAVCDSML\UPnPAVCDSML.csproj", "{DDB90F93-B590-4D25-A22B-B03ADB27F410}"
EndProject
Project("{9A19103F-16F7-4668-BE54-9A1E7A4F7556}") = "UPnPAVMSCP", "UPnPAVMSCP\UPnPAVMSCP.csproj", "{F29A5AF5-1859-4D00-8DA5-96083EA2E23D}"
EndProject
Global
	GlobalSection(SolutionConfigurationPlatforms) = preSolution
		Debug|Any CPU = Debug|Any CPU
		Release|Any CPU = Release|Any CPU
	EndGlobalSection
	GlobalSection(ProjectConfigurationPlatforms) = postSolution
		{B58C3AF0-1BE5-496F-B60D-24D6A7D1123B}.Debug|Any CPU.ActiveCfg = Debug|Any CPU
		{B58C3AF0-1BE5-496F-B60D-24D6A7D1123B}.Debug|Any CPU.Build.0 = Debug|Any CPU
		{B58C3AF0-1BE5-496F-B60D-24D6A7D1123B}.Release|Any CPU.ActiveCfg = Release|Any CPU
		{B58C3AF0-1BE5-496F-B60D-24D6A7D1123B}.Release|Any CPU.Build.0 = Release|Any CPU
		{39B225A8-10AB-4507-A28B-756B1C5422DA}.Debug|Any CPU.ActiveCfg = Debug|Any CPU
		{39B225A8-10AB-4507-A28B-756B1C5422DA}.Debug|Any CPU.Build.0 = Debug|Any CPU
		{39B225A8-10AB-4507-A28B-756B1C5422DA}.Release|Any CPU.ActiveCfg = Release|Any CPU
		{39B225A8-10AB-4507-A28B-756B1C5422DA}.Release|Any CPU.Build.0 = Release|Any CPU
		{72725FED-3563-461E-8DB8-ACE2461392AD}.Debug|Any CPU.ActiveCfg = Debug|Any CPU
		{72725FED-3563-461E-8DB8-ACE2461392AD}.Debug|Any CPU.Build.0 = Debug|Any CPU
		{72725FED-3563-461E-8DB8-ACE2461392AD}.Release|Any CPU.ActiveCfg = Release|Any CPU
		{72725FED-3563-461E-8DB8-ACE2461392AD}.Release|Any CPU.Build.0 = Release|Any CPU
		{EB75DE35-67FE-413C-9CD7-D3A912B09042}.Debug|Any CPU.ActiveCfg = Debug|Any CPU
		{EB75DE35-67FE-413C-9CD7-D3A912B09042}.Debug|Any CPU.Build.0 = Debug|Any CPU
		{EB75DE35-67FE-413C-9CD7-D3A912B09042}.Release|Any CPU.ActiveCfg = Release|Any CPU
		{EB75DE35-67FE-413C-9CD7-D3A912B09042}.Release|Any CPU.Build.0 = Release|Any CPU
		{6B264394-EC69-4B96-BD21-2914C060A452}.Debug|Any CPU.ActiveCfg = Debug|Any CPU
		{6B264394-EC69-4B96-BD21-2914C060A452}.Debug|Any CPU.Build.0 = Debug|Any CPU
		{6B264394-EC69-4B96-BD21-2914C060A452}.Release|Any CPU.ActiveCfg = Release|Any CPU
		{6B264394-EC69-4B96-BD21-2914C060A452}.Release|Any CPU.Build.0 = Release|Any CPU
		{FB691AA5-281A-457C-939F-261C761E353B}.Debug|Any CPU.ActiveCfg = Debug|Any CPU
		{FB691AA5-281A-457C-939F-261C761E353B}.Debug|Any CPU.Build.0 = Debug|Any CPU
		{FB691AA5-281A-457C-939F-261C761E353B}.Release|Any CPU.ActiveCfg = Release|Any CPU
		{FB691AA5-281A-457C-939F-261C761E353B}.Release|Any CPU.Build.0 = Release|Any CPU
		{DDB90F93-B590-4D25-A22B-B03ADB27F410}.Debug|Any CPU.ActiveCfg = Debug|Any CPU
		{DDB90F93-B590-4D25-A22B-B03ADB27F410}.Debug|Any CPU.Build.0 = Debug|Any CPU
		{DDB90F93-B590-4D25-A22B-B03ADB27F410}.Release|Any CPU.ActiveCfg = Release|Any CPU
		{DDB90F93-B590-4D25-A22B-B03ADB27F410}.Release|Any CPU.Build.0 = Release|Any CPU
		{F29A5AF5-1859-4D00-8DA5-96083EA2E23D}.Debug|Any CPU.ActiveCfg = Debug|Any CPU
		{F29A5AF5-1859-4D00-8DA5-96083EA2E23D}.Debug|Any CPU.Build.0 = Debug|Any CPU
		{F29A5AF5-1859-4D00-8DA5-96083EA2E23D}.Release|Any CPU.ActiveCfg = Release|Any CPU
		{F29A5AF5-1859-4D00-8DA5-96083EA2E23D}.Release|Any CPU.Build.0 = Release|Any CPU
	EndGlobalSection
	GlobalSection(SolutionProperties) = preSolution
		HideSolutionNode = FALSE
	EndGlobalSection
	GlobalSection(NestedProjects) = preSolution
		{B58C3AF0-1BE5-496F-B60D-24D6A7D1123B} = {9205D12B-8EDE-45D9-B44C-92A63FD2B01B}
		{39B225A8-10AB-4507-A28B-756B1C5422DA} = {DB006C26-6D27-4AC3-B7CA-146E6AB9F4F4}
		{72725FED-3563-461E-8DB8-ACE2461392AD} = {51387A49-9734-4AFB-B36A-5F263C7CD15C}
		{EB75DE35-67FE-413C-9CD7-D3A912B09042} = {7D82657A-8D10-432F-B81C-A98ECF4B8139}
		{6B264394-EC69-4B96-BD21-2914C060A452} = {7D82657A-8D10-432F-B81C-A98ECF4B8139}
		{FB691AA5-281A-457C-939F-261C761E353B} = {7D82657A-8D10-432F-B81C-A98ECF4B8139}
		{DDB90F93-B590-4D25-A22B-B03ADB27F410} = {7D82657A-8D10-432F-B81C-A98ECF4B8139}
		{F29A5AF5-1859-4D00-8DA5-96083EA2E23D} = {7D82657A-8D10-432F-B81C-A98ECF4B8139}
	EndGlobalSection
	GlobalSection(ExtensibilityGlobals) = postSolution
		SolutionGuid = {0E0F68B7-F146-4DB1-ABAF-683736D26E79}
	EndGlobalSection
EndGlobal
